
Microsoft Visual Studio Solution File, Format Version 12.00
# Visual Studio 14
VisualStudioVersion = 14.0.23107.0
MinimumVisualStudioVersion = 10.0.40219.1
Project("{FAE04EC0-301F-11D3-BF4B-00C04F79EFBC}") = "Blindist", "Blindist\Blindist\Blindist.csproj", "{E1CB18B5-FBDB-424F-989D-81C64BF37579}"
EndProject
Project("{FAE04EC0-301F-11D3-BF4B-00C04F79EFBC}") = "Blindist.iOS", "Blindist\Blindist.iOS\Blindist.iOS.csproj", "{4AECD87F-C61E-4EDE-A3E6-4E05E7EF035B}"
EndProject
Project("{FAE04EC0-301F-11D3-BF4B-00C04F79EFBC}") = "Blindist.Droid", "Blindist\Blindist.Droid\Blindist.Droid.csproj", "{C0CCA900-E79F-44C6-AA20-6CA50909EC7F}"
EndProject
Project("{FAE04EC0-301F-11D3-BF4B-00C04F79EFBC}") = "Blindist.WinPhone", "Blindist\Blindist.WinPhone\Blindist.WinPhone.csproj", "{BDBE3605-113B-4CF7-A480-189E69319539}"
EndProject
Global
	GlobalSection(SolutionConfigurationPlatforms) = preSolution
		Ad-Hoc|Any CPU = Ad-Hoc|Any CPU
		Ad-Hoc|ARM = Ad-Hoc|ARM
		Ad-Hoc|iPhone = Ad-Hoc|iPhone
		Ad-Hoc|iPhoneSimulator = Ad-Hoc|iPhoneSimulator
		Ad-Hoc|x86 = Ad-Hoc|x86
		AppStore|Any CPU = AppStore|Any CPU
		AppStore|ARM = AppStore|ARM
		AppStore|iPhone = AppStore|iPhone
		AppStore|iPhoneSimulator = AppStore|iPhoneSimulator
		AppStore|x86 = AppStore|x86
		Debug|Any CPU = Debug|Any CPU
		Debug|ARM = Debug|ARM
		Debug|iPhone = Debug|iPhone
		Debug|iPhoneSimulator = Debug|iPhoneSimulator
		Debug|x86 = Debug|x86
		Release|Any CPU = Release|Any CPU
		Release|ARM = Release|ARM
		Release|iPhone = Release|iPhone
		Release|iPhoneSimulator = Release|iPhoneSimulator
		Release|x86 = Release|x86
	EndGlobalSection
	GlobalSection(ProjectConfigurationPlatforms) = postSolution
		{E1CB18B5-FBDB-424F-989D-81C64BF37579}.Ad-Hoc|Any CPU.ActiveCfg = Release|Any CPU
		{E1CB18B5-FBDB-424F-989D-81C64BF37579}.Ad-Hoc|Any CPU.Build.0 = Release|Any CPU
		{E1CB18B5-FBDB-424F-989D-81C64BF37579}.Ad-Hoc|ARM.ActiveCfg = Release|Any CPU
		{E1CB18B5-FBDB-424F-989D-81C64BF37579}.Ad-Hoc|ARM.Build.0 = Release|Any CPU
		{E1CB18B5-FBDB-424F-989D-81C64BF37579}.Ad-Hoc|iPhone.ActiveCfg = Release|Any CPU
		{E1CB18B5-FBDB-424F-989D-81C64BF37579}.Ad-Hoc|iPhone.Build.0 = Release|Any CPU
		{E1CB18B5-FBDB-424F-989D-81C64BF37579}.Ad-Hoc|iPhoneSimulator.ActiveCfg = Release|Any CPU
		{E1CB18B5-FBDB-424F-989D-81C64BF37579}.Ad-Hoc|iPhoneSimulator.Build.0 = Release|Any CPU
		{E1CB18B5-FBDB-424F-989D-81C64BF37579}.Ad-Hoc|x86.ActiveCfg = Release|Any CPU
		{E1CB18B5-FBDB-424F-989D-81C64BF37579}.Ad-Hoc|x86.Build.0 = Release|Any CPU
		{E1CB18B5-FBDB-424F-989D-81C64BF37579}.AppStore|Any CPU.ActiveCfg = Release|Any CPU
		{E1CB18B5-FBDB-424F-989D-81C64BF37579}.AppStore|Any CPU.Build.0 = Release|Any CPU
		{E1CB18B5-FBDB-424F-989D-81C64BF37579}.AppStore|ARM.ActiveCfg = Release|Any CPU
		{E1CB18B5-FBDB-424F-989D-81C64BF37579}.AppStore|ARM.Build.0 = Release|Any CPU
		{E1CB18B5-FBDB-424F-989D-81C64BF37579}.AppStore|iPhone.ActiveCfg = Release|Any CPU
		{E1CB18B5-FBDB-424F-989D-81C64BF37579}.AppStore|iPhone.Build.0 = Release|Any CPU
		{E1CB18B5-FBDB-424F-989D-81C64BF37579}.AppStore|iPhoneSimulator.ActiveCfg = Release|Any CPU
		{E1CB18B5-FBDB-424F-989D-81C64BF37579}.AppStore|iPhoneSimulator.Build.0 = Release|Any CPU
		{E1CB18B5-FBDB-424F-989D-81C64BF37579}.AppStore|x86.ActiveCfg = Release|Any CPU
		{E1CB18B5-FBDB-424F-989D-81C64BF37579}.AppStore|x86.Build.0 = Release|Any CPU
		{E1CB18B5-FBDB-424F-989D-81C64BF37579}.Debug|Any CPU.ActiveCfg = Debug|Any CPU
		{E1CB18B5-FBDB-424F-989D-81C64BF37579}.Debug|Any CPU.Build.0 = Debug|Any CPU
		{E1CB18B5-FBDB-424F-989D-81C64BF37579}.Debug|ARM.ActiveCfg = Debug|Any CPU
		{E1CB18B5-FBDB-424F-989D-81C64BF37579}.Debug|ARM.Build.0 = Debug|Any CPU
		{E1CB18B5-FBDB-424F-989D-81C64BF37579}.Debug|iPhone.ActiveCfg = Debug|Any CPU
		{E1CB18B5-FBDB-424F-989D-81C64BF37579}.Debug|iPhone.Build.0 = Debug|Any CPU
		{E1CB18B5-FBDB-424F-989D-81C64BF37579}.Debug|iPhoneSimulator.ActiveCfg = Debug|Any CPU
		{E1CB18B5-FBDB-424F-989D-81C64BF37579}.Debug|iPhoneSimulator.Build.0 = Debug|Any CPU
		{E1CB18B5-FBDB-424F-989D-81C64BF37579}.Debug|x86.ActiveCfg = Debug|Any CPU
		{E1CB18B5-FBDB-424F-989D-81C64BF37579}.Debug|x86.Build.0 = Debug|Any CPU
		{E1CB18B5-FBDB-424F-989D-81C64BF37579}.Release|Any CPU.ActiveCfg = Release|Any CPU
		{E1CB18B5-FBDB-424F-989D-81C64BF37579}.Release|Any CPU.Build.0 = Release|Any CPU
		{E1CB18B5-FBDB-424F-989D-81C64BF37579}.Release|ARM.ActiveCfg = Release|Any CPU
		{E1CB18B5-FBDB-424F-989D-81C64BF37579}.Release|ARM.Build.0 = Release|Any CPU
		{E1CB18B5-FBDB-424F-989D-81C64BF37579}.Release|iPhone.ActiveCfg = Release|Any CPU
		{E1CB18B5-FBDB-424F-989D-81C64BF37579}.Release|iPhone.Build.0 = Release|Any CPU
		{E1CB18B5-FBDB-424F-989D-81C64BF37579}.Release|iPhoneSimulator.ActiveCfg = Release|Any CPU
		{E1CB18B5-FBDB-424F-989D-81C64BF37579}.Release|iPhoneSimulator.Build.0 = Release|Any CPU
		{E1CB18B5-FBDB-424F-989D-81C64BF37579}.Release|x86.ActiveCfg = Release|Any CPU
		{E1CB18B5-FBDB-424F-989D-81C64BF37579}.Release|x86.Build.0 = Release|Any CPU
		{4AECD87F-C61E-4EDE-A3E6-4E05E7EF035B}.Ad-Hoc|Any CPU.ActiveCfg = Ad-Hoc|iPhone
		{4AECD87F-C61E-4EDE-A3E6-4E05E7EF035B}.Ad-Hoc|ARM.ActiveCfg = Ad-Hoc|iPhone
		{4AECD87F-C61E-4EDE-A3E6-4E05E7EF035B}.Ad-Hoc|iPhone.ActiveCfg = Ad-Hoc|iPhone
		{4AECD87F-C61E-4EDE-A3E6-4E05E7EF035B}.Ad-Hoc|iPhone.Build.0 = Ad-Hoc|iPhone
		{4AECD87F-C61E-4EDE-A3E6-4E05E7EF035B}.Ad-Hoc|iPhoneSimulator.ActiveCfg = Ad-Hoc|iPhoneSimulator
		{4AECD87F-C61E-4EDE-A3E6-4E05E7EF035B}.Ad-Hoc|iPhoneSimulator.Build.0 = Ad-Hoc|iPhoneSimulator
		{4AECD87F-C61E-4EDE-A3E6-4E05E7EF035B}.Ad-Hoc|x86.ActiveCfg = Ad-Hoc|iPhone
		{4AECD87F-C61E-4EDE-A3E6-4E05E7EF035B}.AppStore|Any CPU.ActiveCfg = AppStore|iPhone
		{4AECD87F-C61E-4EDE-A3E6-4E05E7EF035B}.AppStore|ARM.ActiveCfg = AppStore|iPhone
		{4AECD87F-C61E-4EDE-A3E6-4E05E7EF035B}.AppStore|iPhone.ActiveCfg = AppStore|iPhone
		{4AECD87F-C61E-4EDE-A3E6-4E05E7EF035B}.AppStore|iPhone.Build.0 = AppStore|iPhone
		{4AECD87F-C61E-4EDE-A3E6-4E05E7EF035B}.AppStore|iPhoneSimulator.ActiveCfg = AppStore|iPhoneSimulator
		{4AECD87F-C61E-4EDE-A3E6-4E05E7EF035B}.AppStore|iPhoneSimulator.Build.0 = AppStore|iPhoneSimulator
		{4AECD87F-C61E-4EDE-A3E6-4E05E7EF035B}.AppStore|x86.ActiveCfg = AppStore|iPhone
		{4AECD87F-C61E-4EDE-A3E6-4E05E7EF035B}.Debug|Any CPU.ActiveCfg = Debug|iPhone
		{4AECD87F-C61E-4EDE-A3E6-4E05E7EF035B}.Debug|ARM.ActiveCfg = Debug|iPhone
		{4AECD87F-C61E-4EDE-A3E6-4E05E7EF035B}.Debug|iPhone.ActiveCfg = Debug|iPhone
		{4AECD87F-C61E-4EDE-A3E6-4E05E7EF035B}.Debug|iPhone.Build.0 = Debug|iPhone
		{4AECD87F-C61E-4EDE-A3E6-4E05E7EF035B}.Debug|iPhoneSimulator.ActiveCfg = Debug|iPhoneSimulator
		{4AECD87F-C61E-4EDE-A3E6-4E05E7EF035B}.Debug|iPhoneSimulator.Build.0 = Debug|iPhoneSimulator
		{4AECD87F-C61E-4EDE-A3E6-4E05E7EF035B}.Debug|x86.ActiveCfg = Debug|iPhone
		{4AECD87F-C61E-4EDE-A3E6-4E05E7EF035B}.Release|Any CPU.ActiveCfg = Release|iPhone
		{4AECD87F-C61E-4EDE-A3E6-4E05E7EF035B}.Release|ARM.ActiveCfg = Release|iPhone
		{4AECD87F-C61E-4EDE-A3E6-4E05E7EF035B}.Release|iPhone.ActiveCfg = Release|iPhone
		{4AECD87F-C61E-4EDE-A3E6-4E05E7EF035B}.Release|iPhone.Build.0 = Release|iPhone
		{4AECD87F-C61E-4EDE-A3E6-4E05E7EF035B}.Release|iPhoneSimulator.ActiveCfg = Release|iPhoneSimulator
		{4AECD87F-C61E-4EDE-A3E6-4E05E7EF035B}.Release|iPhoneSimulator.Build.0 = Release|iPhoneSimulator
		{4AECD87F-C61E-4EDE-A3E6-4E05E7EF035B}.Release|x86.ActiveCfg = Release|iPhone
		{C0CCA900-E79F-44C6-AA20-6CA50909EC7F}.Ad-Hoc|Any CPU.ActiveCfg = Release|Any CPU
		{C0CCA900-E79F-44C6-AA20-6CA50909EC7F}.Ad-Hoc|Any CPU.Build.0 = Release|Any CPU
		{C0CCA900-E79F-44C6-AA20-6CA50909EC7F}.Ad-Hoc|Any CPU.Deploy.0 = Release|Any CPU
		{C0CCA900-E79F-44C6-AA20-6CA50909EC7F}.Ad-Hoc|ARM.ActiveCfg = Release|Any CPU
		{C0CCA900-E79F-44C6-AA20-6CA50909EC7F}.Ad-Hoc|ARM.Build.0 = Release|Any CPU
		{C0CCA900-E79F-44C6-AA20-6CA50909EC7F}.Ad-Hoc|ARM.Deploy.0 = Release|Any CPU
		{C0CCA900-E79F-44C6-AA20-6CA50909EC7F}.Ad-Hoc|iPhone.ActiveCfg = Release|Any CPU
		{C0CCA900-E79F-44C6-AA20-6CA50909EC7F}.Ad-Hoc|iPhone.Build.0 = Release|Any CPU
		{C0CCA900-E79F-44C6-AA20-6CA50909EC7F}.Ad-Hoc|iPhone.Deploy.0 = Release|Any CPU
		{C0CCA900-E79F-44C6-AA20-6CA50909EC7F}.Ad-Hoc|iPhoneSimulator.ActiveCfg = Release|Any CPU
		{C0CCA900-E79F-44C6-AA20-6CA50909EC7F}.Ad-Hoc|iPhoneSimulator.Build.0 = Release|Any CPU
		{C0CCA900-E79F-44C6-AA20-6CA50909EC7F}.Ad-Hoc|iPhoneSimulator.Deploy.0 = Release|Any CPU
		{C0CCA900-E79F-44C6-AA20-6CA50909EC7F}.Ad-Hoc|x86.ActiveCfg = Release|Any CPU
		{C0CCA900-E79F-44C6-AA20-6CA50909EC7F}.Ad-Hoc|x86.Build.0 = Release|Any CPU
		{C0CCA900-E79F-44C6-AA20-6CA50909EC7F}.Ad-Hoc|x86.Deploy.0 = Release|Any CPU
		{C0CCA900-E79F-44C6-AA20-6CA50909EC7F}.AppStore|Any CPU.ActiveCfg = Release|Any CPU
		{C0CCA900-E79F-44C6-AA20-6CA50909EC7F}.AppStore|Any CPU.Build.0 = Release|Any CPU
		{C0CCA900-E79F-44C6-AA20-6CA50909EC7F}.AppStore|Any CPU.Deploy.0 = Release|Any CPU
		{C0CCA900-E79F-44C6-AA20-6CA50909EC7F}.AppStore|ARM.ActiveCfg = Release|Any CPU
		{C0CCA900-E79F-44C6-AA20-6CA50909EC7F}.AppStore|ARM.Build.0 = Release|Any CPU
		{C0CCA900-E79F-44C6-AA20-6CA50909EC7F}.AppStore|ARM.Deploy.0 = Release|Any CPU
		{C0CCA900-E79F-44C6-AA20-6CA50909EC7F}.AppStore|iPhone.ActiveCfg = Release|Any CPU
		{C0CCA900-E79F-44C6-AA20-6CA50909EC7F}.AppStore|iPhone.Build.0 = Release|Any CPU
		{C0CCA900-E79F-44C6-AA20-6CA50909EC7F}.AppStore|iPhone.Deploy.0 = Release|Any CPU
		{C0CCA900-E79F-44C6-AA20-6CA50909EC7F}.AppStore|iPhoneSimulator.ActiveCfg = Release|Any CPU
		{C0CCA900-E79F-44C6-AA20-6CA50909EC7F}.AppStore|iPhoneSimulator.Build.0 = Release|Any CPU
		{C0CCA900-E79F-44C6-AA20-6CA50909EC7F}.AppStore|iPhoneSimulator.Deploy.0 = Release|Any CPU
		{C0CCA900-E79F-44C6-AA20-6CA50909EC7F}.AppStore|x86.ActiveCfg = Release|Any CPU
		{C0CCA900-E79F-44C6-AA20-6CA50909EC7F}.AppStore|x86.Build.0 = Release|Any CPU
		{C0CCA900-E79F-44C6-AA20-6CA50909EC7F}.AppStore|x86.Deploy.0 = Release|Any CPU
		{C0CCA900-E79F-44C6-AA20-6CA50909EC7F}.Debug|Any CPU.ActiveCfg = Debug|Any CPU
		{C0CCA900-E79F-44C6-AA20-6CA50909EC7F}.Debug|Any CPU.Build.0 = Debug|Any CPU
		{C0CCA900-E79F-44C6-AA20-6CA50909EC7F}.Debug|Any CPU.Deploy.0 = Debug|Any CPU
		{C0CCA900-E79F-44C6-AA20-6CA50909EC7F}.Debug|ARM.ActiveCfg = Debug|Any CPU
		{C0CCA900-E79F-44C6-AA20-6CA50909EC7F}.Debug|ARM.Build.0 = Debug|Any CPU
		{C0CCA900-E79F-44C6-AA20-6CA50909EC7F}.Debug|ARM.Deploy.0 = Debug|Any CPU
		{C0CCA900-E79F-44C6-AA20-6CA50909EC7F}.Debug|iPhone.ActiveCfg = Debug|Any CPU
		{C0CCA900-E79F-44C6-AA20-6CA50909EC7F}.Debug|iPhone.Build.0 = Debug|Any CPU
		{C0CCA900-E79F-44C6-AA20-6CA50909EC7F}.Debug|iPhone.Deploy.0 = Debug|Any CPU
		{C0CCA900-E79F-44C6-AA20-6CA50909EC7F}.Debug|iPhoneSimulator.ActiveCfg = Debug|Any CPU
		{C0CCA900-E79F-44C6-AA20-6CA50909EC7F}.Debug|iPhoneSimulator.Build.0 = Debug|Any CPU
		{C0CCA900-E79F-44C6-AA20-6CA50909EC7F}.Debug|iPhoneSimulator.Deploy.0 = Debug|Any CPU
		{C0CCA900-E79F-44C6-AA20-6CA50909EC7F}.Debug|x86.ActiveCfg = Debug|Any CPU
		{C0CCA900-E79F-44C6-AA20-6CA50909EC7F}.Debug|x86.Build.0 = Debug|Any CPU
		{C0CCA900-E79F-44C6-AA20-6CA50909EC7F}.Debug|x86.Deploy.0 = Debug|Any CPU
		{C0CCA900-E79F-44C6-AA20-6CA50909EC7F}.Release|Any CPU.ActiveCfg = Release|Any CPU
		{C0CCA900-E79F-44C6-AA20-6CA50909EC7F}.Release|Any CPU.Build.0 = Release|Any CPU
		{C0CCA900-E79F-44C6-AA20-6CA50909EC7F}.Release|Any CPU.Deploy.0 = Release|Any CPU
		{C0CCA900-E79F-44C6-AA20-6CA50909EC7F}.Release|ARM.ActiveCfg = Release|Any CPU
		{C0CCA900-E79F-44C6-AA20-6CA50909EC7F}.Release|ARM.Build.0 = Release|Any CPU
		{C0CCA900-E79F-44C6-AA20-6CA50909EC7F}.Release|ARM.Deploy.0 = Release|Any CPU
		{C0CCA900-E79F-44C6-AA20-6CA50909EC7F}.Release|iPhone.ActiveCfg = Release|Any CPU
		{C0CCA900-E79F-44C6-AA20-6CA50909EC7F}.Release|iPhone.Build.0 = Release|Any CPU
		{C0CCA900-E79F-44C6-AA20-6CA50909EC7F}.Release|iPhone.Deploy.0 = Release|Any CPU
		{C0CCA900-E79F-44C6-AA20-6CA50909EC7F}.Release|iPhoneSimulator.ActiveCfg = Release|Any CPU
		{C0CCA900-E79F-44C6-AA20-6CA50909EC7F}.Release|iPhoneSimulator.Build.0 = Release|Any CPU
		{C0CCA900-E79F-44C6-AA20-6CA50909EC7F}.Release|iPhoneSimulator.Deploy.0 = Release|Any CPU
		{C0CCA900-E79F-44C6-AA20-6CA50909EC7F}.Release|x86.ActiveCfg = Release|Any CPU
		{C0CCA900-E79F-44C6-AA20-6CA50909EC7F}.Release|x86.Build.0 = Release|Any CPU
		{C0CCA900-E79F-44C6-AA20-6CA50909EC7F}.Release|x86.Deploy.0 = Release|Any CPU
		{BDBE3605-113B-4CF7-A480-189E69319539}.Ad-Hoc|Any CPU.ActiveCfg = Release|Any CPU
		{BDBE3605-113B-4CF7-A480-189E69319539}.Ad-Hoc|Any CPU.Build.0 = Release|Any CPU
		{BDBE3605-113B-4CF7-A480-189E69319539}.Ad-Hoc|Any CPU.Deploy.0 = Release|Any CPU
		{BDBE3605-113B-4CF7-A480-189E69319539}.Ad-Hoc|ARM.ActiveCfg = Release|ARM
		{BDBE3605-113B-4CF7-A480-189E69319539}.Ad-Hoc|ARM.Build.0 = Release|ARM
		{BDBE3605-113B-4CF7-A480-189E69319539}.Ad-Hoc|ARM.Deploy.0 = Release|ARM
		{BDBE3605-113B-4CF7-A480-189E69319539}.Ad-Hoc|iPhone.ActiveCfg = Release|Any CPU
		{BDBE3605-113B-4CF7-A480-189E69319539}.Ad-Hoc|iPhone.Build.0 = Release|Any CPU
		{BDBE3605-113B-4CF7-A480-189E69319539}.Ad-Hoc|iPhone.Deploy.0 = Release|Any CPU
		{BDBE3605-113B-4CF7-A480-189E69319539}.Ad-Hoc|iPhoneSimulator.ActiveCfg = Release|Any CPU
		{BDBE3605-113B-4CF7-A480-189E69319539}.Ad-Hoc|iPhoneSimulator.Build.0 = Release|Any CPU
		{BDBE3605-113B-4CF7-A480-189E69319539}.Ad-Hoc|iPhoneSimulator.Deploy.0 = Release|Any CPU
		{BDBE3605-113B-4CF7-A480-189E69319539}.Ad-Hoc|x86.ActiveCfg = Release|x86
		{BDBE3605-113B-4CF7-A480-189E69319539}.Ad-Hoc|x86.Build.0 = Release|x86
		{BDBE3605-113B-4CF7-A480-189E69319539}.Ad-Hoc|x86.Deploy.0 = Release|x86
		{BDBE3605-113B-4CF7-A480-189E69319539}.AppStore|Any CPU.ActiveCfg = Release|Any CPU
		{BDBE3605-113B-4CF7-A480-189E69319539}.AppStore|Any CPU.Build.0 = Release|Any CPU
		{BDBE3605-113B-4CF7-A480-189E69319539}.AppStore|Any CPU.Deploy.0 = Release|Any CPU
		{BDBE3605-113B-4CF7-A480-189E69319539}.AppStore|ARM.ActiveCfg = Release|ARM
		{BDBE3605-113B-4CF7-A480-189E69319539}.AppStore|ARM.Build.0 = Release|ARM
		{BDBE3605-113B-4CF7-A480-189E69319539}.AppStore|ARM.Deploy.0 = Release|ARM
		{BDBE3605-113B-4CF7-A480-189E69319539}.AppStore|iPhone.ActiveCfg = Release|Any CPU
		{BDBE3605-113B-4CF7-A480-189E69319539}.AppStore|iPhone.Build.0 = Release|Any CPU
		{BDBE3605-113B-4CF7-A480-189E69319539}.AppStore|iPhone.Deploy.0 = Release|Any CPU
		{BDBE3605-113B-4CF7-A480-189E69319539}.AppStore|iPhoneSimulator.ActiveCfg = Release|Any CPU
		{BDBE3605-113B-4CF7-A480-189E69319539}.AppStore|iPhoneSimulator.Build.0 = Release|Any CPU
		{BDBE3605-113B-4CF7-A480-189E69319539}.AppStore|iPhoneSimulator.Deploy.0 = Release|Any CPU
		{BDBE3605-113B-4CF7-A480-189E69319539}.AppStore|x86.ActiveCfg = Release|x86
		{BDBE3605-113B-4CF7-A480-189E69319539}.AppStore|x86.Build.0 = Release|x86
		{BDBE3605-113B-4CF7-A480-189E69319539}.AppStore|x86.Deploy.0 = Release|x86
		{BDBE3605-113B-4CF7-A480-189E69319539}.Debug|Any CPU.ActiveCfg = Debug|Any CPU
		{BDBE3605-113B-4CF7-A480-189E69319539}.Debug|Any CPU.Build.0 = Debug|Any CPU
		{BDBE3605-113B-4CF7-A480-189E69319539}.Debug|Any CPU.Deploy.0 = Debug|Any CPU
		{BDBE3605-113B-4CF7-A480-189E69319539}.Debug|ARM.ActiveCfg = Debug|ARM
		{BDBE3605-113B-4CF7-A480-189E69319539}.Debug|ARM.Build.0 = Debug|ARM
		{BDBE3605-113B-4CF7-A480-189E69319539}.Debug|ARM.Deploy.0 = Debug|ARM
		{BDBE3605-113B-4CF7-A480-189E69319539}.Debug|iPhone.ActiveCfg = Debug|Any CPU
		{BDBE3605-113B-4CF7-A480-189E69319539}.Debug|iPhone.Build.0 = Debug|Any CPU
		{BDBE3605-113B-4CF7-A480-189E69319539}.Debug|iPhone.Deploy.0 = Debug|Any CPU
		{BDBE3605-113B-4CF7-A480-189E69319539}.Debug|iPhoneSimulator.ActiveCfg = Debug|Any CPU
		{BDBE3605-113B-4CF7-A480-189E69319539}.Debug|iPhoneSimulator.Build.0 = Debug|Any CPU
		{BDBE3605-113B-4CF7-A480-189E69319539}.Debug|iPhoneSimulator.Deploy.0 = Debug|Any CPU
		{BDBE3605-113B-4CF7-A480-189E69319539}.Debug|x86.ActiveCfg = Debug|x86
		{BDBE3605-113B-4CF7-A480-189E69319539}.Debug|x86.Build.0 = Debug|x86
		{BDBE3605-113B-4CF7-A480-189E69319539}.Debug|x86.Deploy.0 = Debug|x86
		{BDBE3605-113B-4CF7-A480-189E69319539}.Release|Any CPU.ActiveCfg = Release|Any CPU
		{BDBE3605-113B-4CF7-A480-189E69319539}.Release|Any CPU.Build.0 = Release|Any CPU
		{BDBE3605-113B-4CF7-A480-189E69319539}.Release|Any CPU.Deploy.0 = Release|Any CPU
		{BDBE3605-113B-4CF7-A480-189E69319539}.Release|ARM.ActiveCfg = Release|ARM
		{BDBE3605-113B-4CF7-A480-189E69319539}.Release|ARM.Build.0 = Release|ARM
		{BDBE3605-113B-4CF7-A480-189E69319539}.Release|ARM.Deploy.0 = Release|ARM
		{BDBE3605-113B-4CF7-A480-189E69319539}.Release|iPhone.ActiveCfg = Release|Any CPU
		{BDBE3605-113B-4CF7-A480-189E69319539}.Release|iPhone.Build.0 = Release|Any CPU
		{BDBE3605-113B-4CF7-A480-189E69319539}.Release|iPhone.Deploy.0 = Release|Any CPU
		{BDBE3605-113B-4CF7-A480-189E69319539}.Release|iPhoneSimulator.ActiveCfg = Release|Any CPU
		{BDBE3605-113B-4CF7-A480-189E69319539}.Release|iPhoneSimulator.Build.0 = Release|Any CPU
		{BDBE3605-113B-4CF7-A480-189E69319539}.Release|iPhoneSimulator.Deploy.0 = Release|Any CPU
		{BDBE3605-113B-4CF7-A480-189E69319539}.Release|x86.ActiveCfg = Release|x86
		{BDBE3605-113B-4CF7-A480-189E69319539}.Release|x86.Build.0 = Release|x86
		{BDBE3605-113B-4CF7-A480-189E69319539}.Release|x86.Deploy.0 = Release|x86
	EndGlobalSection
	GlobalSection(SolutionProperties) = preSolution
		HideSolutionNode = FALSE
	EndGlobalSection
EndGlobal
